
Microsoft Visual Studio Solution File, Format Version 12.00
# Visual Studio Version 16
VisualStudioVersion = 16.0.31019.35
MinimumVisualStudioVersion = 10.0.40219.1
Project("{FAE04EC0-301F-11D3-BF4B-00C04F79EFBC}") = "Modern", "Modern\Modern.csproj", "{4C6ED714-304D-49CC-A54C-405ACD6CAC32}"
EndProject
Global
	GlobalSection(SolutionConfigurationPlatforms) = preSolution
		Debug|Any CPU = Debug|Any CPU
		Release|Any CPU = Release|Any CPU
	EndGlobalSection
	GlobalSection(ProjectConfigurationPlatforms) = postSolution
		{4C6ED714-304D-49CC-A54C-405ACD6CAC32}.Debug|Any CPU.ActiveCfg = Debug|Any CPU
		{4C6ED714-304D-49CC-A54C-405ACD6CAC32}.Debug|Any CPU.Build.0 = Debug|Any CPU
		{4C6ED714-304D-49CC-A54C-405ACD6CAC32}.Release|Any CPU.ActiveCfg = Release|Any CPU
		{4C6ED714-304D-49CC-A54C-405ACD6CAC32}.Release|Any CPU.Build.0 = Release|Any CPU
	EndGlobalSection
	GlobalSection(SolutionProperties) = preSolution
		HideSolutionNode = FALSE
	EndGlobalSection
	GlobalSection(ExtensibilityGlobals) = postSolution
		SolutionGuid = {910F62D7-5A39-46D7-AE5A-03AD9AA0E4BB}
	EndGlobalSection
EndGlobal
